
Microsoft Visual Studio Solution File, Format Version 12.00
# Visual Studio 14
VisualStudioVersion = 14.0.25420.1
MinimumVisualStudioVersion = 10.0.40219.1
Project("{FAE04EC0-301F-11D3-BF4B-00C04F79EFBC}") = "TestLibrary", "TestLibrary\TestLibrary.csproj", "{B4646AC4-27E1-4D51-AD50-A122989B2582}"
EndProject
Project("{FAE04EC0-301F-11D3-BF4B-00C04F79EFBC}") = "FoodEDM", "FoodEDM\FoodEDM.csproj", "{3A24F37E-4C59-46C2-AEB7-35492BECF2A3}"
EndProject
Project("{FAE04EC0-301F-11D3-BF4B-00C04F79EFBC}") = "MemberTrans", "MemberTrans\MemberTrans.csproj", "{7A798A1C-3810-4373-ADD5-87C4662BAF7A}"
EndProject
Project("{6141683F-8A12-4E36-9623-2EB02B2C2303}") = "InstallShieldEDM", "InstallShieldEDM\InstallShieldEDM.isproj", "{934D87D7-81F0-43C5-AE60-C685B41C7531}"
EndProject
Global
	GlobalSection(SolutionConfigurationPlatforms) = preSolution
		CD_ROM|Any CPU = CD_ROM|Any CPU
		CD_ROM|Mixed Platforms = CD_ROM|Mixed Platforms
		CD_ROM|x86 = CD_ROM|x86
		Debug|Any CPU = Debug|Any CPU
		Debug|Mixed Platforms = Debug|Mixed Platforms
		Debug|x86 = Debug|x86
		DVD-5|Any CPU = DVD-5|Any CPU
		DVD-5|Mixed Platforms = DVD-5|Mixed Platforms
		DVD-5|x86 = DVD-5|x86
		Release|Any CPU = Release|Any CPU
		Release|Mixed Platforms = Release|Mixed Platforms
		Release|x86 = Release|x86
		SingleImage|Any CPU = SingleImage|Any CPU
		SingleImage|Mixed Platforms = SingleImage|Mixed Platforms
		SingleImage|x86 = SingleImage|x86
	EndGlobalSection
	GlobalSection(ProjectConfigurationPlatforms) = postSolution
		{B4646AC4-27E1-4D51-AD50-A122989B2582}.CD_ROM|Any CPU.ActiveCfg = Release|Any CPU
		{B4646AC4-27E1-4D51-AD50-A122989B2582}.CD_ROM|Any CPU.Build.0 = Release|Any CPU
		{B4646AC4-27E1-4D51-AD50-A122989B2582}.CD_ROM|Mixed Platforms.ActiveCfg = Release|Any CPU
		{B4646AC4-27E1-4D51-AD50-A122989B2582}.CD_ROM|Mixed Platforms.Build.0 = Release|Any CPU
		{B4646AC4-27E1-4D51-AD50-A122989B2582}.CD_ROM|x86.ActiveCfg = Release|Any CPU
		{B4646AC4-27E1-4D51-AD50-A122989B2582}.CD_ROM|x86.Build.0 = Release|Any CPU
		{B4646AC4-27E1-4D51-AD50-A122989B2582}.Debug|Any CPU.ActiveCfg = Debug|Any CPU
		{B4646AC4-27E1-4D51-AD50-A122989B2582}.Debug|Any CPU.Build.0 = Debug|Any CPU
		{B4646AC4-27E1-4D51-AD50-A122989B2582}.Debug|Mixed Platforms.ActiveCfg = Debug|Any CPU
		{B4646AC4-27E1-4D51-AD50-A122989B2582}.Debug|Mixed Platforms.Build.0 = Debug|Any CPU
		{B4646AC4-27E1-4D51-AD50-A122989B2582}.Debug|x86.ActiveCfg = Debug|Any CPU
		{B4646AC4-27E1-4D51-AD50-A122989B2582}.DVD-5|Any CPU.ActiveCfg = Debug|Any CPU
		{B4646AC4-27E1-4D51-AD50-A122989B2582}.DVD-5|Any CPU.Build.0 = Debug|Any CPU
		{B4646AC4-27E1-4D51-AD50-A122989B2582}.DVD-5|Mixed Platforms.ActiveCfg = Debug|Any CPU
		{B4646AC4-27E1-4D51-AD50-A122989B2582}.DVD-5|Mixed Platforms.Build.0 = Debug|Any CPU
		{B4646AC4-27E1-4D51-AD50-A122989B2582}.DVD-5|x86.ActiveCfg = Debug|Any CPU
		{B4646AC4-27E1-4D51-AD50-A122989B2582}.DVD-5|x86.Build.0 = Debug|Any CPU
		{B4646AC4-27E1-4D51-AD50-A122989B2582}.Release|Any CPU.ActiveCfg = Release|Any CPU
		{B4646AC4-27E1-4D51-AD50-A122989B2582}.Release|Any CPU.Build.0 = Release|Any CPU
		{B4646AC4-27E1-4D51-AD50-A122989B2582}.Release|Mixed Platforms.ActiveCfg = Release|Any CPU
		{B4646AC4-27E1-4D51-AD50-A122989B2582}.Release|Mixed Platforms.Build.0 = Release|Any CPU
		{B4646AC4-27E1-4D51-AD50-A122989B2582}.Release|x86.ActiveCfg = Release|Any CPU
		{B4646AC4-27E1-4D51-AD50-A122989B2582}.SingleImage|Any CPU.ActiveCfg = Release|Any CPU
		{B4646AC4-27E1-4D51-AD50-A122989B2582}.SingleImage|Any CPU.Build.0 = Release|Any CPU
		{B4646AC4-27E1-4D51-AD50-A122989B2582}.SingleImage|Mixed Platforms.ActiveCfg = Release|Any CPU
		{B4646AC4-27E1-4D51-AD50-A122989B2582}.SingleImage|Mixed Platforms.Build.0 = Release|Any CPU
		{B4646AC4-27E1-4D51-AD50-A122989B2582}.SingleImage|x86.ActiveCfg = Release|Any CPU
		{B4646AC4-27E1-4D51-AD50-A122989B2582}.SingleImage|x86.Build.0 = Release|Any CPU
		{3A24F37E-4C59-46C2-AEB7-35492BECF2A3}.CD_ROM|Any CPU.ActiveCfg = Release|x86
		{3A24F37E-4C59-46C2-AEB7-35492BECF2A3}.CD_ROM|Any CPU.Build.0 = Release|x86
		{3A24F37E-4C59-46C2-AEB7-35492BECF2A3}.CD_ROM|Mixed Platforms.ActiveCfg = Release|x86
		{3A24F37E-4C59-46C2-AEB7-35492BECF2A3}.CD_ROM|Mixed Platforms.Build.0 = Release|x86
		{3A24F37E-4C59-46C2-AEB7-35492BECF2A3}.CD_ROM|x86.ActiveCfg = Release|x86
		{3A24F37E-4C59-46C2-AEB7-35492BECF2A3}.CD_ROM|x86.Build.0 = Release|x86
		{3A24F37E-4C59-46C2-AEB7-35492BECF2A3}.Debug|Any CPU.ActiveCfg = Debug|x86
		{3A24F37E-4C59-46C2-AEB7-35492BECF2A3}.Debug|Mixed Platforms.ActiveCfg = Debug|x86
		{3A24F37E-4C59-46C2-AEB7-35492BECF2A3}.Debug|Mixed Platforms.Build.0 = Debug|x86
		{3A24F37E-4C59-46C2-AEB7-35492BECF2A3}.Debug|x86.ActiveCfg = Debug|x86
		{3A24F37E-4C59-46C2-AEB7-35492BECF2A3}.Debug|x86.Build.0 = Debug|x86
		{3A24F37E-4C59-46C2-AEB7-35492BECF2A3}.DVD-5|Any CPU.ActiveCfg = Release|x86
		{3A24F37E-4C59-46C2-AEB7-35492BECF2A3}.DVD-5|Any CPU.Build.0 = Release|x86
		{3A24F37E-4C59-46C2-AEB7-35492BECF2A3}.DVD-5|Mixed Platforms.ActiveCfg = Debug|x86
		{3A24F37E-4C59-46C2-AEB7-35492BECF2A3}.DVD-5|Mixed Platforms.Build.0 = Debug|x86
		{3A24F37E-4C59-46C2-AEB7-35492BECF2A3}.DVD-5|x86.ActiveCfg = Debug|x86
		{3A24F37E-4C59-46C2-AEB7-35492BECF2A3}.DVD-5|x86.Build.0 = Debug|x86
		{3A24F37E-4C59-46C2-AEB7-35492BECF2A3}.Release|Any CPU.ActiveCfg = Release|x86
		{3A24F37E-4C59-46C2-AEB7-35492BECF2A3}.Release|Mixed Platforms.ActiveCfg = Release|x86
		{3A24F37E-4C59-46C2-AEB7-35492BECF2A3}.Release|Mixed Platforms.Build.0 = Release|x86
		{3A24F37E-4C59-46C2-AEB7-35492BECF2A3}.Release|x86.ActiveCfg = Release|x86
		{3A24F37E-4C59-46C2-AEB7-35492BECF2A3}.Release|x86.Build.0 = Release|x86
		{3A24F37E-4C59-46C2-AEB7-35492BECF2A3}.SingleImage|Any CPU.ActiveCfg = Release|x86
		{3A24F37E-4C59-46C2-AEB7-35492BECF2A3}.SingleImage|Any CPU.Build.0 = Release|x86
		{3A24F37E-4C59-46C2-AEB7-35492BECF2A3}.SingleImage|Mixed Platforms.ActiveCfg = Release|x86
		{3A24F37E-4C59-46C2-AEB7-35492BECF2A3}.SingleImage|Mixed Platforms.Build.0 = Release|x86
		{3A24F37E-4C59-46C2-AEB7-35492BECF2A3}.SingleImage|x86.ActiveCfg = Release|x86
		{3A24F37E-4C59-46C2-AEB7-35492BECF2A3}.SingleImage|x86.Build.0 = Release|x86
		{7A798A1C-3810-4373-ADD5-87C4662BAF7A}.CD_ROM|Any CPU.ActiveCfg = Release|x86
		{7A798A1C-3810-4373-ADD5-87C4662BAF7A}.CD_ROM|Any CPU.Build.0 = Release|x86
		{7A798A1C-3810-4373-ADD5-87C4662BAF7A}.CD_ROM|Mixed Platforms.ActiveCfg = Release|x86
		{7A798A1C-3810-4373-ADD5-87C4662BAF7A}.CD_ROM|Mixed Platforms.Build.0 = Release|x86
		{7A798A1C-3810-4373-ADD5-87C4662BAF7A}.CD_ROM|x86.ActiveCfg = Release|x86
		{7A798A1C-3810-4373-ADD5-87C4662BAF7A}.CD_ROM|x86.Build.0 = Release|x86
		{7A798A1C-3810-4373-ADD5-87C4662BAF7A}.Debug|Any CPU.ActiveCfg = Debug|x86
		{7A798A1C-3810-4373-ADD5-87C4662BAF7A}.Debug|Mixed Platforms.ActiveCfg = Debug|x86
		{7A798A1C-3810-4373-ADD5-87C4662BAF7A}.Debug|Mixed Platforms.Build.0 = Debug|x86
		{7A798A1C-3810-4373-ADD5-87C4662BAF7A}.Debug|x86.ActiveCfg = Debug|x86
		{7A798A1C-3810-4373-ADD5-87C4662BAF7A}.Debug|x86.Build.0 = Debug|x86
		{7A798A1C-3810-4373-ADD5-87C4662BAF7A}.DVD-5|Any CPU.ActiveCfg = Release|x86
		{7A798A1C-3810-4373-ADD5-87C4662BAF7A}.DVD-5|Any CPU.Build.0 = Release|x86
		{7A798A1C-3810-4373-ADD5-87C4662BAF7A}.DVD-5|Mixed Platforms.ActiveCfg = Debug|x86
		{7A798A1C-3810-4373-ADD5-87C4662BAF7A}.DVD-5|Mixed Platforms.Build.0 = Debug|x86
		{7A798A1C-3810-4373-ADD5-87C4662BAF7A}.DVD-5|x86.ActiveCfg = Debug|x86
		{7A798A1C-3810-4373-ADD5-87C4662BAF7A}.DVD-5|x86.Build.0 = Debug|x86
		{7A798A1C-3810-4373-ADD5-87C4662BAF7A}.Release|Any CPU.ActiveCfg = Release|x86
		{7A798A1C-3810-4373-ADD5-87C4662BAF7A}.Release|Mixed Platforms.ActiveCfg = Release|x86
		{7A798A1C-3810-4373-ADD5-87C4662BAF7A}.Release|Mixed Platforms.Build.0 = Release|x86
		{7A798A1C-3810-4373-ADD5-87C4662BAF7A}.Release|x86.ActiveCfg = Release|x86
		{7A798A1C-3810-4373-ADD5-87C4662BAF7A}.Release|x86.Build.0 = Release|x86
		{7A798A1C-3810-4373-ADD5-87C4662BAF7A}.SingleImage|Any CPU.ActiveCfg = Release|x86
		{7A798A1C-3810-4373-ADD5-87C4662BAF7A}.SingleImage|Any CPU.Build.0 = Release|x86
		{7A798A1C-3810-4373-ADD5-87C4662BAF7A}.SingleImage|Mixed Platforms.ActiveCfg = Release|x86
		{7A798A1C-3810-4373-ADD5-87C4662BAF7A}.SingleImage|Mixed Platforms.Build.0 = Release|x86
		{7A798A1C-3810-4373-ADD5-87C4662BAF7A}.SingleImage|x86.ActiveCfg = Release|x86
		{7A798A1C-3810-4373-ADD5-87C4662BAF7A}.SingleImage|x86.Build.0 = Release|x86
		{934D87D7-81F0-43C5-AE60-C685B41C7531}.CD_ROM|Any CPU.ActiveCfg = CD_ROM
		{934D87D7-81F0-43C5-AE60-C685B41C7531}.CD_ROM|Any CPU.Build.0 = CD_ROM
		{934D87D7-81F0-43C5-AE60-C685B41C7531}.CD_ROM|Mixed Platforms.ActiveCfg = CD_ROM
		{934D87D7-81F0-43C5-AE60-C685B41C7531}.CD_ROM|Mixed Platforms.Build.0 = CD_ROM
		{934D87D7-81F0-43C5-AE60-C685B41C7531}.CD_ROM|x86.ActiveCfg = CD_ROM
		{934D87D7-81F0-43C5-AE60-C685B41C7531}.CD_ROM|x86.Build.0 = CD_ROM
		{934D87D7-81F0-43C5-AE60-C685B41C7531}.Debug|Any CPU.ActiveCfg = DVD-5
		{934D87D7-81F0-43C5-AE60-C685B41C7531}.Debug|Any CPU.Build.0 = DVD-5
		{934D87D7-81F0-43C5-AE60-C685B41C7531}.Debug|Mixed Platforms.ActiveCfg = DVD-5
		{934D87D7-81F0-43C5-AE60-C685B41C7531}.Debug|Mixed Platforms.Build.0 = DVD-5
		{934D87D7-81F0-43C5-AE60-C685B41C7531}.Debug|x86.ActiveCfg = DVD-5
		{934D87D7-81F0-43C5-AE60-C685B41C7531}.Debug|x86.Build.0 = DVD-5
		{934D87D7-81F0-43C5-AE60-C685B41C7531}.DVD-5|Any CPU.ActiveCfg = DVD-5
		{934D87D7-81F0-43C5-AE60-C685B41C7531}.DVD-5|Any CPU.Build.0 = DVD-5
		{934D87D7-81F0-43C5-AE60-C685B41C7531}.DVD-5|Mixed Platforms.ActiveCfg = DVD-5
		{934D87D7-81F0-43C5-AE60-C685B41C7531}.DVD-5|Mixed Platforms.Build.0 = DVD-5
		{934D87D7-81F0-43C5-AE60-C685B41C7531}.DVD-5|x86.ActiveCfg = DVD-5
		{934D87D7-81F0-43C5-AE60-C685B41C7531}.DVD-5|x86.Build.0 = DVD-5
		{934D87D7-81F0-43C5-AE60-C685B41C7531}.Release|Any CPU.ActiveCfg = SingleImage
		{934D87D7-81F0-43C5-AE60-C685B41C7531}.Release|Any CPU.Build.0 = SingleImage
		{934D87D7-81F0-43C5-AE60-C685B41C7531}.Release|Mixed Platforms.ActiveCfg = SingleImage
		{934D87D7-81F0-43C5-AE60-C685B41C7531}.Release|Mixed Platforms.Build.0 = SingleImage
		{934D87D7-81F0-43C5-AE60-C685B41C7531}.Release|x86.ActiveCfg = SingleImage
		{934D87D7-81F0-43C5-AE60-C685B41C7531}.Release|x86.Build.0 = SingleImage
		{934D87D7-81F0-43C5-AE60-C685B41C7531}.SingleImage|Any CPU.ActiveCfg = SingleImage
		{934D87D7-81F0-43C5-AE60-C685B41C7531}.SingleImage|Any CPU.Build.0 = SingleImage
		{934D87D7-81F0-43C5-AE60-C685B41C7531}.SingleImage|Mixed Platforms.ActiveCfg = SingleImage
		{934D87D7-81F0-43C5-AE60-C685B41C7531}.SingleImage|Mixed Platforms.Build.0 = SingleImage
		{934D87D7-81F0-43C5-AE60-C685B41C7531}.SingleImage|x86.ActiveCfg = SingleImage
		{934D87D7-81F0-43C5-AE60-C685B41C7531}.SingleImage|x86.Build.0 = SingleImage
	EndGlobalSection
	GlobalSection(SolutionProperties) = preSolution
		HideSolutionNode = FALSE
	EndGlobalSection
EndGlobal
